{
    "_readme": [
        "This file locks the dependencies of your project to a known state",
        "Read more about it at https://getcomposer.org/doc/01-basic-usage.md#composer-lock-the-lock-file",
        "This file is @generated automatically"
    ],
    "hash": "73e2b0a2da7c0b216f02d84727c0ab8e",
    "content-hash": "f5e754feed71db76b5b6b93678595e96",
    "packages": [
        {
            "name": "klein/klein",
            "version": "dev-master",
            "source": {
                "type": "git",
                "url": "https://github.com/chriso/klein.php.git",
                "reference": "eb80e09d222aa1a6ca2a0ea48b386433d8c4d169"
            },
            "dist": {
                "type": "zip",
                "url": "https://api.github.com/repos/chriso/klein.php/zipball/eb80e09d222aa1a6ca2a0ea48b386433d8c4d169",
                "reference": "eb80e09d222aa1a6ca2a0ea48b386433d8c4d169",
                "shasum": ""
            },
            "require": {
                "php": ">=5.3.0"
            },
            "require-dev": {
                "phpunit/php-code-coverage": "2.x",
                "phpunit/phpunit": "4.1.x",
                "squizlabs/php_codesniffer": "1.4.8"
            },
            "type": "library",
            "autoload": {
                "psr-4": {
                    "Klein\\": "src/Klein/"
                }
            },
            "notification-url": "https://packagist.org/downloads/",
            "license": [
                "MIT"
            ],
            "authors": [
                {
                    "name": "Chris O'Hara",
                    "email": "cohara87@gmail.com",
                    "homepage": "http://chris6f.com/",
                    "role": "Creator/Developer"
                },
                {
                    "name": "Trevor Suarez",
                    "email": "rican7@gmail.com",
                    "homepage": "http://about.me/tnsuarez",
                    "role": "Contributor/Developer"
                }
            ],
            "description": "A lightning fast router for PHP",
            "homepage": "https://github.com/chriso/klein.php",
            "keywords": [
                "boilerplate",
                "router",
                "routing",
                "sinatra"
            ],
            "time": "2014-12-16 01:08:24"
        },
        {
            "name": "rmccue/requests",
            "version": "dev-master",
            "source": {
                "type": "git",
                "url": "https://github.com/rmccue/Requests.git",
                "reference": "c3fe7fa67309dd1bea065d5874799befd9d04591"
            },
            "dist": {
                "type": "zip",
                "url": "https://api.github.com/repos/rmccue/Requests/zipball/c3fe7fa67309dd1bea065d5874799befd9d04591",
                "reference": "c3fe7fa67309dd1bea065d5874799befd9d04591",
                "shasum": ""
            },
            "require": {
                "php": ">=5.2"
            },
            "require-dev": {
                "requests/test-server": "dev-master"
            },
            "type": "library",
            "autoload": {
                "psr-0": {
                    "Requests": "library/"
                }
            },
            "notification-url": "https://packagist.org/downloads/",
            "license": [
                "ISC"
            ],
            "authors": [
                {
                    "name": "Ryan McCue",
                    "homepage": "http://ryanmccue.info"
                }
            ],
            "description": "A HTTP library written in PHP, for human beings.",
            "homepage": "http://github.com/rmccue/Requests",
            "keywords": [
                "curl",
                "fsockopen",
                "http",
                "idna",
                "ipv6",
                "iri",
                "sockets"
            ],
            "time": "2015-10-12 07:28:05"
        }
    ],
    "packages-dev": [],
    "aliases": [],
    "minimum-stability": "stable",
    "stability-flags": {
        "klein/klein": 20,
        "rmccue/requests": 20
    },
    "prefer-stable": false,
    "prefer-lowest": false,
    "platform": [],
    "platform-dev": []
}
