{
    "_readme": [
        "This file locks the dependencies of your project to a known state",
        "Read more about it at https://getcomposer.org/doc/01-basic-usage.md#composer-lock-the-lock-file",
        "This file is @generated automatically"
    ],
    "hash": "e688851fa77d92f8ab8ad88582a9e64c",
    "packages": [],
    "packages-dev": [
        {
            "name": "facebook/webdriver",
            "version": "1.1.1",
            "source": {
                "type": "git",
                "url": "https://github.com/facebook/php-webdriver.git",
                "reference": "1c98108ba3eb435b681655764de11502a0653705"
            },
            "dist": {
                "type": "zip",
                "url": "https://api.github.com/repos/facebook/php-webdriver/zipball/1c98108ba3eb435b681655764de11502a0653705",
                "reference": "1c98108ba3eb435b681655764de11502a0653705",
                "shasum": ""
            },
            "require": {
                "php": ">=5.3.19"
            },
            "require-dev": {
                "phpunit/phpunit": "4.6.*"
            },
            "suggest": {
                "phpdocumentor/phpdocumentor": "2.*"
            },
            "type": "library",
            "autoload": {
                "psr-4": {
                    "Facebook\\WebDriver\\": "lib/"
                }
            },
            "notification-url": "https://packagist.org/downloads/",
            "license": [
                "Apache-2.0"
            ],
            "description": "A PHP client for WebDriver",
            "homepage": "https://github.com/facebook/php-webdriver",
            "keywords": [
                "facebook",
                "php",
                "selenium",
                "webdriver"
            ],
            "time": "2015-12-31 15:58:49"
        }
    ],
    "aliases": [],
    "minimum-stability": "stable",
    "stability-flags": [],
    "prefer-stable": false,
    "prefer-lowest": false,
    "platform": [],
    "platform-dev": []
}
