{
    "_readme": [
        "This file locks the dependencies of your project to a known state",
        "Read more about it at https://getcomposer.org/doc/01-basic-usage.md#composer-lock-the-lock-file",
        "This file is @generated automatically"
    ],
    "hash": "f4fd051dfe7169da78087f7e47d1d318",
    "content-hash": "0d3dc2b243940721eb07a5f8e3ba7c0c",
    "packages": [
        {
            "name": "composer/semver",
            "version": "1.4.0",
            "source": {
                "type": "git",
                "url": "https://github.com/composer/semver.git",
                "reference": "84c47f3d8901440403217afc120683c7385aecb8"
            },
            "dist": {
                "type": "zip",
                "url": "https://api.github.com/repos/composer/semver/zipball/84c47f3d8901440403217afc120683c7385aecb8",
                "reference": "84c47f3d8901440403217afc120683c7385aecb8",
                "shasum": ""
            },
            "require": {
                "php": "^5.3.2 || ^7.0"
            },
            "require-dev": {
                "phpunit/phpunit": "^4.5 || ^5.0.5",
                "phpunit/phpunit-mock-objects": "2.3.0 || ^3.0"
            },
            "type": "library",
            "extra": {
                "branch-alias": {
                    "dev-master": "1.x-dev"
                }
            },
            "autoload": {
                "psr-4": {
                    "Composer\\Semver\\": "src"
                }
            },
            "notification-url": "https://packagist.org/downloads/",
            "license": [
                "MIT"
            ],
            "authors": [
                {
                    "name": "Nils Adermann",
                    "email": "naderman@naderman.de",
                    "homepage": "http://www.naderman.de"
                },
                {
                    "name": "Jordi Boggiano",
                    "email": "j.boggiano@seld.be",
                    "homepage": "http://seld.be"
                },
                {
                    "name": "Rob Bast",
                    "email": "rob.bast@gmail.com",
                    "homepage": "http://robbast.nl"
                }
            ],
            "description": "Semver library that offers utilities, version constraint parsing and validation.",
            "keywords": [
                "semantic",
                "semver",
                "validation",
                "versioning"
            ],
            "time": "2016-03-30 13:16:03"
        },
        {
            "name": "francium/process",
            "version": "dev-master",
            "source": {
                "type": "git",
                "url": "https://github.com/subins2000/Francium-Process.git",
                "reference": "8a66c12a5986396c0a34364620ed9306d0a9ccad"
            },
            "dist": {
                "type": "zip",
                "url": "https://api.github.com/repos/subins2000/Francium-Process/zipball/8a66c12a5986396c0a34364620ed9306d0a9ccad",
                "reference": "8a66c12a5986396c0a34364620ed9306d0a9ccad",
                "shasum": ""
            },
            "require": {
                "php": ">=5.3.0"
            },
            "type": "library",
            "autoload": {
                "psr-4": {
                    "Francium\\": "src"
                }
            },
            "notification-url": "https://packagist.org/downloads/",
            "license": [
                "Apache 2.0"
            ],
            "authors": [
                {
                    "name": "Subin Siby",
                    "homepage": "http://subinsb.com",
                    "role": "Developer"
                }
            ],
            "description": "Run Background Process with Cross Platform Support",
            "homepage": "http://subinsb.com/francium/process",
            "keywords": [
                "background",
                "cross",
                "platform",
                "process"
            ],
            "time": "2016-03-30 18:17:46"
        },
        {
            "name": "klein/klein",
            "version": "dev-master",
            "source": {
                "type": "git",
                "url": "https://github.com/klein/klein.php.git",
                "reference": "eb80e09d222aa1a6ca2a0ea48b386433d8c4d169"
            },
            "dist": {
                "type": "zip",
                "url": "https://api.github.com/repos/klein/klein.php/zipball/eb80e09d222aa1a6ca2a0ea48b386433d8c4d169",
                "reference": "eb80e09d222aa1a6ca2a0ea48b386433d8c4d169",
                "shasum": ""
            },
            "require": {
                "php": ">=5.3.0"
            },
            "require-dev": {
                "phpunit/php-code-coverage": "2.x",
                "phpunit/phpunit": "4.1.x",
                "squizlabs/php_codesniffer": "1.4.8"
            },
            "type": "library",
            "autoload": {
                "psr-4": {
                    "Klein\\": "src/Klein/"
                }
            },
            "notification-url": "https://packagist.org/downloads/",
            "license": [
                "MIT"
            ],
            "authors": [
                {
                    "name": "Chris O'Hara",
                    "email": "cohara87@gmail.com",
                    "homepage": "http://chris6f.com/",
                    "role": "Creator/Developer"
                },
                {
                    "name": "Trevor Suarez",
                    "email": "rican7@gmail.com",
                    "homepage": "http://about.me/tnsuarez",
                    "role": "Contributor/Developer"
                }
            ],
            "description": "A lightning fast router for PHP",
            "homepage": "https://github.com/chriso/klein.php",
            "keywords": [
                "boilerplate",
                "router",
                "routing",
                "sinatra"
            ],
            "time": "2014-12-16 01:08:24"
        },
        {
            "name": "lobby/lobby",
            "version": "0.5.27",
            "dist": {
                "type": "path",
                "url": "lobby/",
                "reference": "85dec61738a9cd3b9e8228f165c203dcf684c7d1",
                "shasum": null
            },
            "require": {
                "php": ">=5.3.0"
            },
            "type": "library",
            "autoload": {
                "files": [
                    "src/functions.php"
                ],
                "psr-0": {
                    "Lobby": "src/",
                    "H": "src/"
                },
                "psr-4": {
                    "Lobby\\": "src/Lobby",
                    "Lobby\\UI\\": "src/Lobby/UI"
                }
            },
            "license": [
                "Apache 2.0"
            ],
            "authors": [
                {
                    "name": "Subin Siby",
                    "homepage": "http://subinsb.com",
                    "role": "Developer"
                }
            ],
            "description": "Lobby Core",
            "homepage": "http://lobby.subinsb.com",
            "keywords": [
                "lobby"
            ]
        },
        {
            "name": "mrclay/minify",
            "version": "2.3.0",
            "source": {
                "type": "git",
                "url": "https://github.com/mrclay/minify.git",
                "reference": "f4cb31135d288f951bb0af1f23a03d4c00ba9446"
            },
            "dist": {
                "type": "zip",
                "url": "https://api.github.com/repos/mrclay/minify/zipball/f4cb31135d288f951bb0af1f23a03d4c00ba9446",
                "reference": "f4cb31135d288f951bb0af1f23a03d4c00ba9446",
                "shasum": ""
            },
            "require": {
                "ext-pcre": "*",
                "php": ">=5.2.1"
            },
            "require-dev": {
                "tubalmartin/cssmin": "~2.4.8"
            },
            "suggest": {
                "tubalmartin/cssmin": "Support minify with CSSMin (YUI PHP port)"
            },
            "type": "library",
            "autoload": {
                "classmap": [
                    "min/lib/"
                ]
            },
            "notification-url": "https://packagist.org/downloads/",
            "license": [
                "BSD-3-Clause"
            ],
            "authors": [
                {
                    "name": "Stephen Clay",
                    "email": "steve@mrclay.org",
                    "role": "Developer"
                }
            ],
            "description": "Minify is a PHP5 app that helps you follow several rules for client-side performance. It combines multiple CSS or Javascript files, removes unnecessary whitespace and comments, and serves them with gzip encoding and optimal client-side cache headers",
            "homepage": "http://code.google.com/p/minify/",
            "time": "2016-03-08 11:49:57"
        },
        {
            "name": "rmccue/requests",
            "version": "v1.6.1",
            "source": {
                "type": "git",
                "url": "https://github.com/rmccue/Requests.git",
                "reference": "6aac485666c2955077d77b796bbdd25f0013a4ea"
            },
            "dist": {
                "type": "zip",
                "url": "https://api.github.com/repos/rmccue/Requests/zipball/6aac485666c2955077d77b796bbdd25f0013a4ea",
                "reference": "6aac485666c2955077d77b796bbdd25f0013a4ea",
                "shasum": ""
            },
            "require": {
                "php": ">=5.2"
            },
            "require-dev": {
                "satooshi/php-coveralls": "dev-master"
            },
            "type": "library",
            "autoload": {
                "psr-0": {
                    "Requests": "library/"
                }
            },
            "notification-url": "https://packagist.org/downloads/",
            "license": [
                "ISC"
            ],
            "authors": [
                {
                    "name": "Ryan McCue",
                    "homepage": "http://ryanmccue.info"
                }
            ],
            "description": "A HTTP library written in PHP, for human beings.",
            "homepage": "http://github.com/rmccue/Requests",
            "keywords": [
                "curl",
                "fsockopen",
                "http",
                "idna",
                "ipv6",
                "iri",
                "sockets"
            ],
            "time": "2014-05-18 04:59:02"
        },
        {
            "name": "stolz/assets",
            "version": "0.1.8",
            "source": {
                "type": "git",
                "url": "https://github.com/Stolz/Assets.git",
                "reference": "4b36d2a5d362ee9702e8fb28dfa7f536dee18cc4"
            },
            "dist": {
                "type": "zip",
                "url": "https://api.github.com/repos/Stolz/Assets/zipball/4b36d2a5d362ee9702e8fb28dfa7f536dee18cc4",
                "reference": "4b36d2a5d362ee9702e8fb28dfa7f536dee18cc4",
                "shasum": ""
            },
            "require": {
                "mrclay/minify": "~2.1",
                "php": ">=5.3.0"
            },
            "require-dev": {
                "evert/phpdoc-md": "0.*",
                "phpdocumentor/phpdocumentor": "2.*",
                "phpunit/phpunit": "4.*",
                "squizlabs/php_codesniffer": "2.*"
            },
            "suggest": {
                "laravel/laravel": "Included ServiceProvider and Facade to work out of the box with Laravel"
            },
            "type": "library",
            "autoload": {
                "psr-4": {
                    "Stolz\\Assets\\": "src/"
                }
            },
            "notification-url": "https://packagist.org/downloads/",
            "license": [
                "MIT"
            ],
            "authors": [
                {
                    "name": "Stolz",
                    "homepage": "https://github.com/Stolz/Assets",
                    "role": "developer"
                }
            ],
            "description": "An ultra-simple-to-use assets management library",
            "keywords": [
                "JS",
                "agnostic",
                "asset",
                "assets",
                "css",
                "javascript",
                "laravel",
                "minify",
                "pipeline"
            ],
            "time": "2016-01-13 03:21:55"
        },
        {
            "name": "symfony/filesystem",
            "version": "v3.0.4",
            "source": {
                "type": "git",
                "url": "https://github.com/symfony/filesystem.git",
                "reference": "f82499a459dcade2ea56df94cc58b19c8bde3d20"
            },
            "dist": {
                "type": "zip",
                "url": "https://api.github.com/repos/symfony/filesystem/zipball/f82499a459dcade2ea56df94cc58b19c8bde3d20",
                "reference": "f82499a459dcade2ea56df94cc58b19c8bde3d20",
                "shasum": ""
            },
            "require": {
                "php": ">=5.5.9"
            },
            "type": "library",
            "extra": {
                "branch-alias": {
                    "dev-master": "3.0-dev"
                }
            },
            "autoload": {
                "psr-4": {
                    "Symfony\\Component\\Filesystem\\": ""
                },
                "exclude-from-classmap": [
                    "/Tests/"
                ]
            },
            "notification-url": "https://packagist.org/downloads/",
            "license": [
                "MIT"
            ],
            "authors": [
                {
                    "name": "Fabien Potencier",
                    "email": "fabien@symfony.com"
                },
                {
                    "name": "Symfony Community",
                    "homepage": "https://symfony.com/contributors"
                }
            ],
            "description": "Symfony Filesystem Component",
            "homepage": "https://symfony.com",
            "time": "2016-03-27 10:24:39"
        },
        {
            "name": "vladimmi/construct-static",
            "version": "dev-master",
            "source": {
                "type": "git",
                "url": "https://github.com/vladimmi/construct-static.git",
                "reference": "4a78a22ce740cda840909d4af01f42b7ff140c08"
            },
            "dist": {
                "type": "zip",
                "url": "https://api.github.com/repos/vladimmi/construct-static/zipball/4a78a22ce740cda840909d4af01f42b7ff140c08",
                "reference": "4a78a22ce740cda840909d4af01f42b7ff140c08",
                "shasum": ""
            },
            "type": "library",
            "autoload": {
                "psr-4": {
                    "ConstructStatic\\": "src"
                }
            },
            "notification-url": "https://packagist.org/downloads/",
            "authors": [
                {
                    "name": "vladimmi",
                    "email": "vladimmi@gmail.com"
                }
            ],
            "description": "Small Composer wrapper to implement static class constructors",
            "time": "2016-03-28 15:28:30"
        }
    ],
    "packages-dev": [],
    "aliases": [],
    "minimum-stability": "stable",
    "stability-flags": {
        "klein/klein": 20,
        "francium/process": 20,
        "vladimmi/construct-static": 20
    },
    "prefer-stable": false,
    "prefer-lowest": false,
    "platform": [],
    "platform-dev": []
}
